
Microsoft Visual Studio Solution File, Format Version 12.00
# Visual Studio Version 17
VisualStudioVersion = 17.14.36203.30 d17.14
MinimumVisualStudioVersion = 10.0.40219.1
Project("{FAE04EC0-301F-11D3-BF4B-00C04F79EFBC}") = "Hostel Management Syatem", "Hostel Management Syatem.csproj", "{FCDB32C6-165D-4ED4-BEC8-187B23946DBD}"
EndProject
Global
	GlobalSection(SolutionConfigurationPlatforms) = preSolution
		Debug|Any CPU = Debug|Any CPU
		Release|Any CPU = Release|Any CPU
	EndGlobalSection
	GlobalSection(ProjectConfigurationPlatforms) = postSolution
		{FCDB32C6-165D-4ED4-BEC8-187B23946DBD}.Debug|Any CPU.ActiveCfg = Debug|Any CPU
		{FCDB32C6-165D-4ED4-BEC8-187B23946DBD}.Debug|Any CPU.Build.0 = Debug|Any CPU
		{FCDB32C6-165D-4ED4-BEC8-187B23946DBD}.Release|Any CPU.ActiveCfg = Release|Any CPU
		{FCDB32C6-165D-4ED4-BEC8-187B23946DBD}.Release|Any CPU.Build.0 = Release|Any CPU
	EndGlobalSection
	GlobalSection(SolutionProperties) = preSolution
		HideSolutionNode = FALSE
	EndGlobalSection
	GlobalSection(ExtensibilityGlobals) = postSolution
		SolutionGuid = {EF380109-7996-41C6-BB04-B8CF3910F18E}
	EndGlobalSection
EndGlobal
